
Microsoft Visual Studio Solution File, Format Version 12.00
# Visual Studio Version 17
VisualStudioVersion = 17.14.36518.9
MinimumVisualStudioVersion = 10.0.40219.1
Project("{FAE04EC0-301F-11D3-BF4B-00C04F79EFBC}") = "MyScheduler", "MyScheduler\MyScheduler.csproj", "{2DA37F0E-ACA8-4CDD-BE18-9000DA240A1C}"
EndProject
Project("{FAE04EC0-301F-11D3-BF4B-00C04F79EFBC}") = "SchedulerTests", "SchedulerTests\SchedulerTests.csproj", "{2CA31DC6-2737-44DF-9C58-730C607F1463}"
EndProject
Global
	GlobalSection(SolutionConfigurationPlatforms) = preSolution
		Debug|Any CPU = Debug|Any CPU
		Release|Any CPU = Release|Any CPU
	EndGlobalSection
	GlobalSection(ProjectConfigurationPlatforms) = postSolution
		{2DA37F0E-ACA8-4CDD-BE18-9000DA240A1C}.Debug|Any CPU.ActiveCfg = Debug|Any CPU
		{2DA37F0E-ACA8-4CDD-BE18-9000DA240A1C}.Debug|Any CPU.Build.0 = Debug|Any CPU
		{2DA37F0E-ACA8-4CDD-BE18-9000DA240A1C}.Release|Any CPU.ActiveCfg = Release|Any CPU
		{2DA37F0E-ACA8-4CDD-BE18-9000DA240A1C}.Release|Any CPU.Build.0 = Release|Any CPU
		{2CA31DC6-2737-44DF-9C58-730C607F1463}.Debug|Any CPU.ActiveCfg = Debug|Any CPU
		{2CA31DC6-2737-44DF-9C58-730C607F1463}.Debug|Any CPU.Build.0 = Debug|Any CPU
		{2CA31DC6-2737-44DF-9C58-730C607F1463}.Release|Any CPU.ActiveCfg = Release|Any CPU
		{2CA31DC6-2737-44DF-9C58-730C607F1463}.Release|Any CPU.Build.0 = Release|Any CPU
	EndGlobalSection
	GlobalSection(SolutionProperties) = preSolution
		HideSolutionNode = FALSE
	EndGlobalSection
	GlobalSection(ExtensibilityGlobals) = postSolution
		SolutionGuid = {DB2F2CCB-C6B3-41F5-A847-816C702D16D1}
	EndGlobalSection
EndGlobal
